lockfileVersion: '9.0'

settings:
  autoInstallPeers: true
  excludeLinksFromLockfile: false

importers:

  .:
    devDependencies:
      '@biomejs/biome':
        specifier: 1.9.1
        version: 1.9.1
      turbo:
        specifier: ^2.0.13
        version: 2.1.2

  packages/chartjs:
    dependencies:
      '@napi-rs/canvas':
        specifier: ^0.1.54
        version: 0.1.55
      chart.js:
        specifier: ^4.4.4
        version: 4.4.4
    devDependencies:
      '@types/node':
        specifier: ^22.3.0
        version: 22.5.5
      typescript:
        specifier: ^5.5.4
        version: 5.6.2

  packages/cooldown:
    dependencies:
      seyfert:
        specifier: ^2.1.0
        version: 2.1.0
    devDependencies:
      '@types/node':
        specifier: ^22.4.0
        version: 22.5.5
      typescript:
        specifier: ^5.5.4
        version: 5.6.2

  packages/generic-adapter:
    dependencies:
      seyfert:
        specifier: ^2.1.0
        version: 2.1.0
      tweetnacl:
        specifier: ^1.0.3
        version: 1.0.3
    devDependencies:
      '@types/node':
        specifier: ^22.3.0
        version: 22.5.5
      typescript:
        specifier: ^5.5.4
        version: 5.6.2

  packages/redis-adapter:
    dependencies:
      '@redis/client':
        specifier: ^1.6.0
        version: 1.6.0
      seyfert:
        specifier: ^2.1.0
        version: 2.1.0
    devDependencies:
      '@types/node':
        specifier: ^22.3.0
        version: 22.5.5
      typescript:
        specifier: ^5.5.4
        version: 5.6.2

  packages/uws-adapter:
    dependencies:
      seyfert:
        specifier: ^2.1.0
        version: 2.1.0
      tweetnacl:
        specifier: ^1.0.3
        version: 1.0.3
      uWebSockets.js:
        specifier: github:uNetworking/uWebSockets.js#v20.47.0
        version: https://codeload.github.com/uNetworking/uWebSockets.js/tar.gz/6f4b450fc642abba540535f0755c990b42a16026
    devDependencies:
      '@types/node':
        specifier: ^22.3.0
        version: 22.5.5
      typescript:
        specifier: ^5.5.4
        version: 5.6.2

  packages/watcher:
    dependencies:
      chokidar:
        specifier: ^3.6.0
        version: 4.0.0
      seyfert:
        specifier: ^2.1.0
        version: 2.1.0
      tweetnacl:
        specifier: ^1.0.3
        version: 1.0.3
    devDependencies:
      '@types/node':
        specifier: ^22.3.0
        version: 22.5.5
      typescript:
        specifier: ^5.5.4
        version: 5.6.2

packages:

  '@biomejs/biome@1.9.1':
    resolution: {integrity: sha512-Ps0Rg0zg3B1zpx+zQHMz5b0n0PBNCAaXttHEDTVrJD5YXR6Uj3T+abTDgeS3wsu4z5i2whqcE1lZxGyWH4bZYg==}
    engines: {node: '>=14.21.3'}
    hasBin: true

  '@biomejs/cli-darwin-arm64@1.9.1':
    resolution: {integrity: sha512-js0brHswq/BoeKgfSEUJYOjUOlML6p65Nantti+PsoQ61u9+YVGIZ7325LK7iUpDH8KVJT+Bx7K2b/6Q//W1Pw==}
    engines: {node: '>=14.21.3'}
    cpu: [arm64]
    os: [darwin]

  '@biomejs/cli-darwin-x64@1.9.1':
    resolution: {integrity: sha512-2zVyjUg5rN0k8XrytkubQWLbp2r/AS5wPhXs4vgVjvqbLnzo32EGX8p61gzroF2dH9DCUCfskdrigCGqNdEbpg==}
    engines: {node: '>=14.21.3'}
    cpu: [x64]
    os: [darwin]

  '@biomejs/cli-linux-arm64-musl@1.9.1':
    resolution: {integrity: sha512-L/JmXKvhsZ1lTgqOr3tWkzuY/NRppdIscHeC9aaiR72WjnBgJS94mawl9BWmGB3aWBc0q6oSDWnBS7617EMMmA==}
    engines: {node: '>=14.21.3'}
    cpu: [arm64]
    os: [linux]

  '@biomejs/cli-linux-arm64@1.9.1':
    resolution: {integrity: sha512-QgxwfnG+r2aer5RNGR67Ey91Tv7xXW8E9YckHhwuyWjdLEvKWkrSJrhVG/6ub0kVvTSNkYOuT/7/jMOFBuUbRA==}
    engines: {node: '>=14.21.3'}
    cpu: [arm64]
    os: [linux]

  '@biomejs/cli-linux-x64-musl@1.9.1':
    resolution: {integrity: sha512-gY+eFLIAW45v3WicQHicvjRfA0ntMZHx7h937bXwBMFNFoKmB6rMi6+fKQ6/hiS6juhsFxZdZIz20m15s49J6A==}
    engines: {node: '>=14.21.3'}
    cpu: [x64]
    os: [linux]

  '@biomejs/cli-linux-x64@1.9.1':
    resolution: {integrity: sha512-F0INygtzI2L2n2R1KtYHGr3YWDt9Up1zrUluwembM+iJ1dXN3qzlSb7deFUsSJm4FaIPriqs6Xa56ukdQW6UeQ==}
    engines: {node: '>=14.21.3'}
    cpu: [x64]
    os: [linux]

  '@biomejs/cli-win32-arm64@1.9.1':
    resolution: {integrity: sha512-7Jahxar3OB+aTPOgXisMJmMKMsjcK+UmdlG3UIOQjzN/ZFEsPV+GT3bfrVjZDQaCw/zes0Cqd7VTWFjFTC/+MQ==}
    engines: {node: '>=14.21.3'}
    cpu: [arm64]
    os: [win32]

  '@biomejs/cli-win32-x64@1.9.1':
    resolution: {integrity: sha512-liSRWjWzFhyG7s1jg/Bbv9FL+ha/CEd5tFO3+dFIJNplL4TnvAivtyfRVi/tu/pNjISbV1k9JwdBewtAKAgA0w==}
    engines: {node: '>=14.21.3'}
    cpu: [x64]
    os: [win32]

  '@kurkle/color@0.3.2':
    resolution: {integrity: sha512-fuscdXJ9G1qb7W8VdHi+IwRqij3lBkosAm4ydQtEmbY58OzHXqQhvlxqEkoz0yssNVn38bcpRWgA9PP+OGoisw==}

  '@napi-rs/canvas-android-arm64@0.1.55':
    resolution: {integrity: sha512-zsc170uSA+mGTXiSpnXaTsBKzi/f2NATKLrCt5qp0ihR0YLSIGsNhNpYLQYSF6qvi2Uzjd9CyKEs+TKdj8oj3w==}
    engines: {node: '>= 10'}
    cpu: [arm64]
    os: [android]

  '@napi-rs/canvas-darwin-arm64@0.1.55':
    resolution: {integrity: sha512-KMlL+O7viWsZ+c4qDoXUXyVEVXDcGrWuHuvt1VvUBcRjfsz/2of7i2rfClTzltX0nMKxU8JVKVrFSZOpPOZn4g==}
    engines: {node: '>= 10'}
    cpu: [arm64]
    os: [darwin]

  '@napi-rs/canvas-darwin-x64@0.1.55':
    resolution: {integrity: sha512-ZiiK+tOGHD7GxAhq7F+gVYpWDQJ9Lr/eOI9gMXlnavmR14nVf3a8eYk3CX32yelurf6hMaMTjWISO9uAZDyRbA==}
    engines: {node: '>= 10'}
    cpu: [x64]
    os: [darwin]

  '@napi-rs/canvas-linux-arm-gnueabihf@0.1.55':
    resolution: {integrity: sha512-HxthhRQoayfjG3Z7bAJ7r9Zq/L0gAxj26xjZTcjBYokr14/gtjL+Q+tsvW5PvH3SuL2sqnNXHy/TqvXcI+iyIw==}
    engines: {node: '>= 10'}
    cpu: [arm]
    os: [linux]

  '@napi-rs/canvas-linux-arm64-gnu@0.1.55':
    resolution: {integrity: sha512-b6PSk6923c6kyHMiluPUJVVHc7CJI7SfYb5MZetyeINtYGNIVj8a80pWgiMs3LJDrUePh+WC00zgDCRkFttKlg==}
    engines: {node: '>= 10'}
    cpu: [arm64]
    os: [linux]

  '@napi-rs/canvas-linux-arm64-musl@0.1.55':
    resolution: {integrity: sha512-DHPR7F7Th9x0qkfSBojAgh7mPqInrj+IEJHvrKEsq8p0YTLBY8OUw8Va4OI7Z2zpiDsb2HVXq78Ws7KaekouFw==}
    engines: {node: '>= 10'}
    cpu: [arm64]
    os: [linux]

  '@napi-rs/canvas-linux-x64-gnu@0.1.55':
    resolution: {integrity: sha512-znEwyWCHtoAIQerxEQ30DRnVJQ1X8a0zQqOuylEPI1AKCH57ZiWQzFam4IUiFNoYhQyzron5v5cEteVbBkYGpg==}
    engines: {node: '>= 10'}
    cpu: [x64]
    os: [linux]

  '@napi-rs/canvas-linux-x64-musl@0.1.55':
    resolution: {integrity: sha512-mNWBiILhykehKlOzmbdTp8Fr25pnkHiC/01Ck9YjNWfV6Z3kBgJPWvG5J+WvkNnsPPu/K0JxTCryngj4h9Denw==}
    engines: {node: '>= 10'}
    cpu: [x64]
    os: [linux]

  '@napi-rs/canvas-win32-x64-msvc@0.1.55':
    resolution: {integrity: sha512-e6K83IchwQUbG9JSS4QK88qWJpwDbDC+tm1ugjVwSRWBdnicB5TwbUruOGjc1umgfGUq3qnQBs3yO1ZLB6N2uA==}
    engines: {node: '>= 10'}
    cpu: [x64]
    os: [win32]

  '@napi-rs/canvas@0.1.55':
    resolution: {integrity: sha512-Jw5ewjXboNSrEVXbUrj/l6800Stn1hHeMV4R/HbDkRGSMW3DLMOZAFGbd+d0174OpsjYFqc5SB3Q3wcatWsuMQ==}
    engines: {node: '>= 10'}

  '@redis/client@1.6.0':
    resolution: {integrity: sha512-aR0uffYI700OEEH4gYnitAnv3vzVGXCFvYfdpu/CJKvk4pHfLPEy/JSZyrpQ+15WhXe1yJRXLtfQ84s4mEXnPg==}
    engines: {node: '>=14'}

  '@types/node@22.5.5':
    resolution: {integrity: sha512-Xjs4y5UPO/CLdzpgR6GirZJx36yScjh73+2NlLlkFRSoQN8B0DpfXPdZGnvVmLRLOsqDpOfTNv7D9trgGhmOIA==}

  chart.js@4.4.4:
    resolution: {integrity: sha512-emICKGBABnxhMjUjlYRR12PmOXhJ2eJjEHL2/dZlWjxRAZT1D8xplLFq5M0tMQK8ja+wBS/tuVEJB5C6r7VxJA==}
    engines: {pnpm: '>=8'}

  chokidar@4.0.0:
    resolution: {integrity: sha512-mxIojEAQcuEvT/lyXq+jf/3cO/KoA6z4CeNDGGevTybECPOMFCnQy3OPahluUkbqgPNGw5Bi78UC7Po6Lhy+NA==}
    engines: {node: '>= 14.16.0'}

  cluster-key-slot@1.1.2:
    resolution: {integrity: sha512-RMr0FhtfXemyinomL4hrWcYJxmX6deFdCxpJzhDttxgO1+bcCnkk+9drydLVDmAMG7NE6aN/fl4F7ucU/90gAA==}
    engines: {node: '>=0.10.0'}

  generic-pool@3.9.0:
    resolution: {integrity: sha512-hymDOu5B53XvN4QT9dBmZxPX4CWhBPPLguTZ9MMFeFa/Kg0xWVfylOVNlJji/E7yTZWFd/q9GO5TxDLq156D7g==}
    engines: {node: '>= 4'}

  readdirp@4.0.1:
    resolution: {integrity: sha512-GkMg9uOTpIWWKbSsgwb5fA4EavTR+SG/PMPoAY8hkhHfEEY0/vqljY+XHqtDf2cr2IJtoNRDbrrEpZUiZCkYRw==}
    engines: {node: '>= 14.16.0'}

  seyfert@2.1.0:
    resolution: {integrity: sha512-L5AoUVACw1HDosUj0an9oA9ORICaGzU99mTs9yX2siT8SPe2LP3eoJ+MhRWrNULAV50qKKVzXMbiXyCzkY0jeA==}

  turbo-darwin-64@2.1.2:
    resolution: {integrity: sha512-3TEBxHWh99h2yIzkuIigMEOXt/ItYQp0aPiJjPd1xN4oDcsKK5AxiFKPH9pdtfIBzYsY59kQhZiFj0ELnSP7Bw==}
    cpu: [x64]
    os: [darwin]

  turbo-darwin-arm64@2.1.2:
    resolution: {integrity: sha512-he0miWNq2WxJzsH82jS2Z4MXpnkzn9SH8a79iPXiJkq25QREImucscM4RPasXm8wARp91pyysJMq6aasD45CeA==}
    cpu: [arm64]
    os: [darwin]

  turbo-linux-64@2.1.2:
    resolution: {integrity: sha512-fKUBcc0rK8Vdqv5a/E3CSpMBLG1bzwv+Q0Q83F8fG2ZfNCNKGbcEYABdonNZkkx141Rj03cZQFCgxu3MVEGU+A==}
    cpu: [x64]
    os: [linux]

  turbo-linux-arm64@2.1.2:
    resolution: {integrity: sha512-sV8Bpmm0WiuxgbhxymcC7wSsuxfBBieI98GegSwbr/bs1ANAgzCg93urIrdKdQ3/b31zZxQwcaP4FBF1wx1Qdg==}
    cpu: [arm64]
    os: [linux]

  turbo-windows-64@2.1.2:
    resolution: {integrity: sha512-wcmIJZI9ORT9ykHGliFE6kWRQrlH930QGSjSgWC8uFChFFuOyUlvC7ttcxuSvU9VqC7NF4C+GVAcFJQ8lTjN7g==}
    cpu: [x64]
    os: [win32]

  turbo-windows-arm64@2.1.2:
    resolution: {integrity: sha512-zdnXjrhk7YO6CP+Q5wPueEvOCLH4lDa6C4rrwiakcWcPgcQGbVozJlo4uaQ6awo8HLWQEvOwu84RkWTdLAc/Hw==}
    cpu: [arm64]
    os: [win32]

  turbo@2.1.2:
    resolution: {integrity: sha512-Jb0rbU4iHEVQ18An/YfakdIv9rKnd3zUfSE117EngrfWXFHo3RndVH96US3GsT8VHpwTncPePDBT2t06PaFLrw==}
    hasBin: true

  tweetnacl@1.0.3:
    resolution: {integrity: sha512-6rt+RN7aOi1nGMyC4Xa5DdYiukl2UWCbcJft7YhxReBGQD7OAM8Pbxw6YMo4r2diNEA8FEmu32YOn9rhaiE5yw==}

  typescript@5.6.2:
    resolution: {integrity: sha512-NW8ByodCSNCwZeghjN3o+JX5OFH0Ojg6sadjEKY4huZ52TqbJTJnDo5+Tw98lSy63NZvi4n+ez5m2u5d4PkZyw==}
    engines: {node: '>=14.17'}
    hasBin: true

  uWebSockets.js@https://codeload.github.com/uNetworking/uWebSockets.js/tar.gz/6f4b450fc642abba540535f0755c990b42a16026:
    resolution: {tarball: https://codeload.github.com/uNetworking/uWebSockets.js/tar.gz/6f4b450fc642abba540535f0755c990b42a16026}
    version: 20.47.0

  undici-types@6.19.6:
    resolution: {integrity: sha512-e/vggGopEfTKSvj4ihnOLTsqhrKRN3LeO6qSN/GxohhuRv8qH9bNQ4B8W7e/vFL+0XTnmHPB4/kegunZGA4Org==}

  yallist@4.0.0:
    resolution: {integrity: sha512-3wdGidZyq5PB084XLES5TpOSRA3wjXAlIWMhum2kRcv/41Sn2emQ0dycQW4uZXLejwKvg6EsvbdlVL+FYEct7A==}

snapshots:

  '@biomejs/biome@1.9.1':
    optionalDependencies:
      '@biomejs/cli-darwin-arm64': 1.9.1
      '@biomejs/cli-darwin-x64': 1.9.1
      '@biomejs/cli-linux-arm64': 1.9.1
      '@biomejs/cli-linux-arm64-musl': 1.9.1
      '@biomejs/cli-linux-x64': 1.9.1
      '@biomejs/cli-linux-x64-musl': 1.9.1
      '@biomejs/cli-win32-arm64': 1.9.1
      '@biomejs/cli-win32-x64': 1.9.1

  '@biomejs/cli-darwin-arm64@1.9.1':
    optional: true

  '@biomejs/cli-darwin-x64@1.9.1':
    optional: true

  '@biomejs/cli-linux-arm64-musl@1.9.1':
    optional: true

  '@biomejs/cli-linux-arm64@1.9.1':
    optional: true

  '@biomejs/cli-linux-x64-musl@1.9.1':
    optional: true

  '@biomejs/cli-linux-x64@1.9.1':
    optional: true

  '@biomejs/cli-win32-arm64@1.9.1':
    optional: true

  '@biomejs/cli-win32-x64@1.9.1':
    optional: true

  '@kurkle/color@0.3.2': {}

  '@napi-rs/canvas-android-arm64@0.1.55':
    optional: true

  '@napi-rs/canvas-darwin-arm64@0.1.55':
    optional: true

  '@napi-rs/canvas-darwin-x64@0.1.55':
    optional: true

  '@napi-rs/canvas-linux-arm-gnueabihf@0.1.55':
    optional: true

  '@napi-rs/canvas-linux-arm64-gnu@0.1.55':
    optional: true

  '@napi-rs/canvas-linux-arm64-musl@0.1.55':
    optional: true

  '@napi-rs/canvas-linux-x64-gnu@0.1.55':
    optional: true

  '@napi-rs/canvas-linux-x64-musl@0.1.55':
    optional: true

  '@napi-rs/canvas-win32-x64-msvc@0.1.55':
    optional: true

  '@napi-rs/canvas@0.1.55':
    optionalDependencies:
      '@napi-rs/canvas-android-arm64': 0.1.55
      '@napi-rs/canvas-darwin-arm64': 0.1.55
      '@napi-rs/canvas-darwin-x64': 0.1.55
      '@napi-rs/canvas-linux-arm-gnueabihf': 0.1.55
      '@napi-rs/canvas-linux-arm64-gnu': 0.1.55
      '@napi-rs/canvas-linux-arm64-musl': 0.1.55
      '@napi-rs/canvas-linux-x64-gnu': 0.1.55
      '@napi-rs/canvas-linux-x64-musl': 0.1.55
      '@napi-rs/canvas-win32-x64-msvc': 0.1.55

  '@redis/client@1.6.0':
    dependencies:
      cluster-key-slot: 1.1.2
      generic-pool: 3.9.0
      yallist: 4.0.0

  '@types/node@22.5.5':
    dependencies:
      undici-types: 6.19.6

  chart.js@4.4.4:
    dependencies:
      '@kurkle/color': 0.3.2

  chokidar@4.0.0:
    dependencies:
      readdirp: 4.0.1

  cluster-key-slot@1.1.2: {}

  generic-pool@3.9.0: {}

  readdirp@4.0.1: {}

  seyfert@2.1.0: {}

  turbo-darwin-64@2.1.2:
    optional: true

  turbo-darwin-arm64@2.1.2:
    optional: true

  turbo-linux-64@2.1.2:
    optional: true

  turbo-linux-arm64@2.1.2:
    optional: true

  turbo-windows-64@2.1.2:
    optional: true

  turbo-windows-arm64@2.1.2:
    optional: true

  turbo@2.1.2:
    optionalDependencies:
      turbo-darwin-64: 2.1.2
      turbo-darwin-arm64: 2.1.2
      turbo-linux-64: 2.1.2
      turbo-linux-arm64: 2.1.2
      turbo-windows-64: 2.1.2
      turbo-windows-arm64: 2.1.2

  tweetnacl@1.0.3: {}

  typescript@5.6.2: {}

  uWebSockets.js@https://codeload.github.com/uNetworking/uWebSockets.js/tar.gz/6f4b450fc642abba540535f0755c990b42a16026: {}

  undici-types@6.19.6: {}

  yallist@4.0.0: {}
