lockfileVersion: '9.0'

settings:
  autoInstallPeers: true
  excludeLinksFromLockfile: false

importers:

  .:
    devDependencies:
      '@biomejs/biome':
        specifier: 1.8.3
        version: 1.8.3
      turbo:
        specifier: ^2.0.13
        version: 2.0.13
      typescript:
        specifier: ^5.5.4
        version: 5.5.4

  packages/main:
    dependencies:
      '@lib/sub':
        specifier: workspace:*
        version: link:../sub
      typescript:
        specifier: ^5.5.4
        version: 5.5.4

  packages/sub:
    dependencies:
      typescript:
        specifier: ^5.5.4
        version: 5.5.4

packages:

  '@biomejs/biome@1.8.3':
    resolution: {integrity: sha512-/uUV3MV+vyAczO+vKrPdOW0Iaet7UnJMU4bNMinggGJTAnBPjCoLEYcyYtYHNnUNYlv4xZMH6hVIQCAozq8d5w==}
    engines: {node: '>=14.21.3'}
    hasBin: true

  '@biomejs/cli-darwin-arm64@1.8.3':
    resolution: {integrity: sha512-9DYOjclFpKrH/m1Oz75SSExR8VKvNSSsLnVIqdnKexj6NwmiMlKk94Wa1kZEdv6MCOHGHgyyoV57Cw8WzL5n3A==}
    engines: {node: '>=14.21.3'}
    cpu: [arm64]
    os: [darwin]

  '@biomejs/cli-darwin-x64@1.8.3':
    resolution: {integrity: sha512-UeW44L/AtbmOF7KXLCoM+9PSgPo0IDcyEUfIoOXYeANaNXXf9mLUwV1GeF2OWjyic5zj6CnAJ9uzk2LT3v/wAw==}
    engines: {node: '>=14.21.3'}
    cpu: [x64]
    os: [darwin]

  '@biomejs/cli-linux-arm64-musl@1.8.3':
    resolution: {integrity: sha512-9yjUfOFN7wrYsXt/T/gEWfvVxKlnh3yBpnScw98IF+oOeCYb5/b/+K7YNqKROV2i1DlMjg9g/EcN9wvj+NkMuQ==}
    engines: {node: '>=14.21.3'}
    cpu: [arm64]
    os: [linux]

  '@biomejs/cli-linux-arm64@1.8.3':
    resolution: {integrity: sha512-fed2ji8s+I/m8upWpTJGanqiJ0rnlHOK3DdxsyVLZQ8ClY6qLuPc9uehCREBifRJLl/iJyQpHIRufLDeotsPtw==}
    engines: {node: '>=14.21.3'}
    cpu: [arm64]
    os: [linux]

  '@biomejs/cli-linux-x64-musl@1.8.3':
    resolution: {integrity: sha512-UHrGJX7PrKMKzPGoEsooKC9jXJMa28TUSMjcIlbDnIO4EAavCoVmNQaIuUSH0Ls2mpGMwUIf+aZJv657zfWWjA==}
    engines: {node: '>=14.21.3'}
    cpu: [x64]
    os: [linux]

  '@biomejs/cli-linux-x64@1.8.3':
    resolution: {integrity: sha512-I8G2QmuE1teISyT8ie1HXsjFRz9L1m5n83U1O6m30Kw+kPMPSKjag6QGUn+sXT8V+XWIZxFFBoTDEDZW2KPDDw==}
    engines: {node: '>=14.21.3'}
    cpu: [x64]
    os: [linux]

  '@biomejs/cli-win32-arm64@1.8.3':
    resolution: {integrity: sha512-J+Hu9WvrBevfy06eU1Na0lpc7uR9tibm9maHynLIoAjLZpQU3IW+OKHUtyL8p6/3pT2Ju5t5emReeIS2SAxhkQ==}
    engines: {node: '>=14.21.3'}
    cpu: [arm64]
    os: [win32]

  '@biomejs/cli-win32-x64@1.8.3':
    resolution: {integrity: sha512-/PJ59vA1pnQeKahemaQf4Nyj7IKUvGQSc3Ze1uIGi+Wvr1xF7rGobSrAAG01T/gUDG21vkDsZYM03NAmPiVkqg==}
    engines: {node: '>=14.21.3'}
    cpu: [x64]
    os: [win32]

  turbo-darwin-64@2.0.13:
    resolution: {integrity: sha512-1qoFGvSE/kG1Njl1a1b35+AlJyCBE/+cb7GcglxuUM0Fh0JNR6FIWGhiubUhFLoIdFkdRbPpTH5smhPpRk757w==}
    cpu: [x64]
    os: [darwin]

  turbo-darwin-arm64@2.0.13:
    resolution: {integrity: sha512-3fgbjKeRjvZTKJhn6eOyA6SaFXlRHx/z7qAWYcTbq7iu2zd+n0OHRyah9Voy2ZihiGAI0Bw4QfVWo3d1qTabgA==}
    cpu: [arm64]
    os: [darwin]

  turbo-linux-64@2.0.13:
    resolution: {integrity: sha512-1nMO5NWHWs4jI5SV8SMlGtR3/jBlud1ld/ltayYwOXm6zdznj0/mTNNE9AjfOs/aAei2wZE1HWUHXe46q/nZtw==}
    cpu: [x64]
    os: [linux]

  turbo-linux-arm64@2.0.13:
    resolution: {integrity: sha512-JkQYAAMbEW3jkzhbtY4hi0Q61tlSd46qLEVBQqnur9VymC4TfD6kllVMpRtbmXv8jdfGPu+rEIeYrzjHpyqMfg==}
    cpu: [arm64]
    os: [linux]

  turbo-windows-64@2.0.13:
    resolution: {integrity: sha512-QYJfYPnmb3j16CR4mucYicC+tlY1fsFws6fkqZe2b8jBpRyOslxkEk4XJWCsvUizPSYpOdAnTL9baunLH7hWrA==}
    cpu: [x64]
    os: [win32]

  turbo-windows-arm64@2.0.13:
    resolution: {integrity: sha512-dnVN19dq7jszcKVBy4+T1IMmMY1ergigJZdl76Bbc99QOwaXsTR7ci4sle89HvJb+F1z/MXSq8ePvRTcy6dKRw==}
    cpu: [arm64]
    os: [win32]

  turbo@2.0.13:
    resolution: {integrity: sha512-xZYCpvy+Q5X05HQLVbup/nUva/EPd8QKX/WLfztz8Yhh7yH+VN9t+P9ACG2U0ThlrqX4uFS0tuE0jaCLvL1Imw==}
    hasBin: true

  typescript@5.5.4:
    resolution: {integrity: sha512-Mtq29sKDAEYP7aljRgtPOpTvOfbwRWlS6dPRzwjdE+C0R4brX/GUyhHSecbHMFLNBLcJIPt9nl9yG5TZ1weH+Q==}
    engines: {node: '>=14.17'}
    hasBin: true

snapshots:

  '@biomejs/biome@1.8.3':
    optionalDependencies:
      '@biomejs/cli-darwin-arm64': 1.8.3
      '@biomejs/cli-darwin-x64': 1.8.3
      '@biomejs/cli-linux-arm64': 1.8.3
      '@biomejs/cli-linux-arm64-musl': 1.8.3
      '@biomejs/cli-linux-x64': 1.8.3
      '@biomejs/cli-linux-x64-musl': 1.8.3
      '@biomejs/cli-win32-arm64': 1.8.3
      '@biomejs/cli-win32-x64': 1.8.3

  '@biomejs/cli-darwin-arm64@1.8.3':
    optional: true

  '@biomejs/cli-darwin-x64@1.8.3':
    optional: true

  '@biomejs/cli-linux-arm64-musl@1.8.3':
    optional: true

  '@biomejs/cli-linux-arm64@1.8.3':
    optional: true

  '@biomejs/cli-linux-x64-musl@1.8.3':
    optional: true

  '@biomejs/cli-linux-x64@1.8.3':
    optional: true

  '@biomejs/cli-win32-arm64@1.8.3':
    optional: true

  '@biomejs/cli-win32-x64@1.8.3':
    optional: true

  turbo-darwin-64@2.0.13:
    optional: true

  turbo-darwin-arm64@2.0.13:
    optional: true

  turbo-linux-64@2.0.13:
    optional: true

  turbo-linux-arm64@2.0.13:
    optional: true

  turbo-windows-64@2.0.13:
    optional: true

  turbo-windows-arm64@2.0.13:
    optional: true

  turbo@2.0.13:
    optionalDependencies:
      turbo-darwin-64: 2.0.13
      turbo-darwin-arm64: 2.0.13
      turbo-linux-64: 2.0.13
      turbo-linux-arm64: 2.0.13
      turbo-windows-64: 2.0.13
      turbo-windows-arm64: 2.0.13

  typescript@5.5.4: {}
